// !$*UTF8*$!
{
	archiveVersion = 1;
	classes = {
	};
	objectVersion = 55;
	objects = {

/* Begin PBXBuildFile section */
		1E2B843B284B43570068714D /* AppDelegate.swift in Sources */ = {isa = PBXBuildFile; fileRef = 1E2B843A284B43570068714D /* AppDelegate.swift */; };
		1E2B843D284B43570068714D /* SceneDelegate.swift in Sources */ = {isa = PBXBuildFile; fileRef = 1E2B843C284B43570068714D /* SceneDelegate.swift */; };
		1E2B843F284B43570068714D /* ViewController.swift in Sources */ = {isa = PBXBuildFile; fileRef = 1E2B843E284B43570068714D /* ViewController.swift */; };
		1E2B8442284B43570068714D /* Main.storyboard in Resources */ = {isa = PBXBuildFile; fileRef = 1E2B8440284B43570068714D /* Main.storyboard */; };
		1E2B8444284B43590068714D /* Assets.xcassets in Resources */ = {isa = PBXBuildFile; fileRef = 1E2B8443284B43590068714D /* Assets.xcassets */; };
		1E2B8447284B43590068714D /* LaunchScreen.storyboard in Resources */ = {isa = PBXBuildFile; fileRef = 1E2B8445284B43590068714D /* LaunchScreen.storyboard */; };
		1E2B8455284B46340068714D /* RecipiesListViewController.swift in Sources */ = {isa = PBXBuildFile; fileRef = 1E2B8454284B46340068714D /* RecipiesListViewController.swift */; };
		1E2B8459284B47BA0068714D /* RecipiesListStoryboard.storyboard in Resources */ = {isa = PBXBuildFile; fileRef = 1E2B8458284B47BA0068714D /* RecipiesListStoryboard.storyboard */; };
		1E2B845B284B4C6C0068714D /* ListCell.swift in Sources */ = {isa = PBXBuildFile; fileRef = 1E2B845A284B4C6C0068714D /* ListCell.swift */; };
		1E2B845E284B53340068714D /* StoreMapViewController.swift in Sources */ = {isa = PBXBuildFile; fileRef = 1E2B845D284B53340068714D /* StoreMapViewController.swift */; };
		1E2B8460284B53400068714D /* StoreMap.storyboard in Resources */ = {isa = PBXBuildFile; fileRef = 1E2B845F284B53400068714D /* StoreMap.storyboard */; };
		1E2B8463284B5E5E0068714D /* PopoverViewController.xib in Resources */ = {isa = PBXBuildFile; fileRef = 1E2B8461284B5E5E0068714D /* PopoverViewController.xib */; };
		1E2B8464284B5E5E0068714D /* PopoverViewController.swift in Sources */ = {isa = PBXBuildFile; fileRef = 1E2B8462284B5E5E0068714D /* PopoverViewController.swift */; };
		1E2B8467284B65E60068714D /* SelectedRecipiesManager.swift in Sources */ = {isa = PBXBuildFile; fileRef = 1E2B8466284B65E60068714D /* SelectedRecipiesManager.swift */; };
		D5988BA6284B586400524C17 /* Ingredient.swift in Sources */ = {isa = PBXBuildFile; fileRef = D5988BA5284B586400524C17 /* Ingredient.swift */; };
		D5988BA8284B632200524C17 /* Recipe.swift in Sources */ = {isa = PBXBuildFile; fileRef = D5988BA7284B632200524C17 /* Recipe.swift */; };
		D5988BAA284B6CE700524C17 /* DetailsStoryboard.storyboard in Resources */ = {isa = PBXBuildFile; fileRef = D5988BA9284B6CE700524C17 /* DetailsStoryboard.storyboard */; };
		D5C0EE42284B4AFB00D936A2 /* DetailRecipeViewController.swift in Sources */ = {isa = PBXBuildFile; fileRef = D5C0EE40284B4AFB00D936A2 /* DetailRecipeViewController.swift */; };
		D5C0EE47284B4B2C00D936A2 /* IngredientTableViewCell.swift in Sources */ = {isa = PBXBuildFile; fileRef = D5C0EE45284B4B2C00D936A2 /* IngredientTableViewCell.swift */; };
		D5C0EE48284B4B2C00D936A2 /* IngredientTableViewCell.xib in Resources */ = {isa = PBXBuildFile; fileRef = D5C0EE46284B4B2C00D936A2 /* IngredientTableViewCell.xib */; };
/* End PBXBuildFile section */

/* Begin PBXFileReference section */
		1E2B8437284B43570068714D /* Hackaton.app */ = {isa = PBXFileReference; explicitFileType = wrapper.application; includeInIndex = 0; path = Hackaton.app; sourceTree = BUILT_PRODUCTS_DIR; };
		1E2B843A284B43570068714D /* AppDelegate.swift */ = {isa = PBXFileReference; lastKnownFileType = sourcecode.swift; path = AppDelegate.swift; sourceTree = "<group>"; };
		1E2B843C284B43570068714D /* SceneDelegate.swift */ = {isa = PBXFileReference; lastKnownFileType = sourcecode.swift; path = SceneDelegate.swift; sourceTree = "<group>"; };
		1E2B843E284B43570068714D /* ViewController.swift */ = {isa = PBXFileReference; lastKnownFileType = sourcecode.swift; path = ViewController.swift; sourceTree = "<group>"; };
		1E2B8441284B43570068714D /* Base */ = {isa = PBXFileReference; lastKnownFileType = file.storyboard; name = Base; path = Base.lproj/Main.storyboard; sourceTree = "<group>"; };
		1E2B8443284B43590068714D /* Assets.xcassets */ = {isa = PBXFileReference; lastKnownFileType = folder.assetcatalog; path = Assets.xcassets; sourceTree = "<group>"; };
		1E2B8446284B43590068714D /* Base */ = {isa = PBXFileReference; lastKnownFileType = file.storyboard; name = Base; path = Base.lproj/LaunchScreen.storyboard; sourceTree = "<group>"; };
		1E2B8448284B43590068714D /* Info.plist */ = {isa = PBXFileReference; lastKnownFileType = text.plist.xml; path = Info.plist; sourceTree = "<group>"; };
		1E2B8454284B46340068714D /* RecipiesListViewController.swift */ = {isa = PBXFileReference; lastKnownFileType = sourcecode.swift; path = RecipiesListViewController.swift; sourceTree = "<group>"; };
		1E2B8458284B47BA0068714D /* RecipiesListStoryboard.storyboard */ = {isa = PBXFileReference; lastKnownFileType = file.storyboard; path = RecipiesListStoryboard.storyboard; sourceTree = "<group>"; };
		1E2B845A284B4C6C0068714D /* ListCell.swift */ = {isa = PBXFileReference; lastKnownFileType = sourcecode.swift; path = ListCell.swift; sourceTree = "<group>"; };
		1E2B845D284B53340068714D /* StoreMapViewController.swift */ = {isa = PBXFileReference; lastKnownFileType = sourcecode.swift; path = StoreMapViewController.swift; sourceTree = "<group>"; };
		1E2B845F284B53400068714D /* StoreMap.storyboard */ = {isa = PBXFileReference; lastKnownFileType = file.storyboard; path = StoreMap.storyboard; sourceTree = "<group>"; };
		1E2B8461284B5E5E0068714D /* PopoverViewController.xib */ = {isa = PBXFileReference; fileEncoding = 4; lastKnownFileType = file.xib; path = PopoverViewController.xib; sourceTree = "<group>"; };
		1E2B8462284B5E5E0068714D /* PopoverViewController.swift */ = {isa = PBXFileReference; fileEncoding = 4; lastKnownFileType = sourcecode.swift; path = PopoverViewController.swift; sourceTree = "<group>"; };
		1E2B8466284B65E60068714D /* SelectedRecipiesManager.swift */ = {isa = PBXFileReference; lastKnownFileType = sourcecode.swift; path = SelectedRecipiesManager.swift; sourceTree = "<group>"; };
		D5988BA5284B586400524C17 /* Ingredient.swift */ = {isa = PBXFileReference; lastKnownFileType = sourcecode.swift; path = Ingredient.swift; sourceTree = "<group>"; };
		D5988BA7284B632200524C17 /* Recipe.swift */ = {isa = PBXFileReference; lastKnownFileType = sourcecode.swift; path = Recipe.swift; sourceTree = "<group>"; };
		D5988BA9284B6CE700524C17 /* DetailsStoryboard.storyboard */ = {isa = PBXFileReference; lastKnownFileType = file.storyboard; path = DetailsStoryboard.storyboard; sourceTree = "<group>"; };
		D5C0EE40284B4AFB00D936A2 /* DetailRecipeViewController.swift */ = {isa = PBXFileReference; lastKnownFileType = sourcecode.swift; path = DetailRecipeViewController.swift; sourceTree = "<group>"; };
		D5C0EE45284B4B2C00D936A2 /* IngredientTableViewCell.swift */ = {isa = PBXFileReference; lastKnownFileType = sourcecode.swift; path = IngredientTableViewCell.swift; sourceTree = "<group>"; };
		D5C0EE46284B4B2C00D936A2 /* IngredientTableViewCell.xib */ = {isa = PBXFileReference; lastKnownFileType = file.xib; path = IngredientTableViewCell.xib; sourceTree = "<group>"; };
/* End PBXFileReference section */

/* Begin PBXFrameworksBuildPhase section */
		1E2B8434284B43570068714D /* Frameworks */ = {
			isa = PBXFrameworksBuildPhase;
			buildActionMask = 2147483647;
			files = (
			);
			runOnlyForDeploymentPostprocessing = 0;
		};
/* End PBXFrameworksBuildPhase section */

/* Begin PBXGroup section */
		1E2B842E284B43570068714D = {
			isa = PBXGroup;
			children = (
				1E2B8439284B43570068714D /* Hackaton */,
				1E2B8438284B43570068714D /* Products */,
			);
			sourceTree = "<group>";
		};
		1E2B8438284B43570068714D /* Products */ = {
			isa = PBXGroup;
			children = (
				1E2B8437284B43570068714D /* Hackaton.app */,
			);
			name = Products;
			sourceTree = "<group>";
		};
		1E2B8439284B43570068714D /* Hackaton */ = {
			isa = PBXGroup;
			children = (
				1E2B8465284B65D50068714D /* Selected Recipies */,
				D5C0EE3F284B4ABF00D936A2 /* DetailRecipeView */,
				1E2B8453284B46260068714D /* RecipiesList */,
				1E2B845C284B53220068714D /* StoreMap */,
				1E2B843A284B43570068714D /* AppDelegate.swift */,
				1E2B843C284B43570068714D /* SceneDelegate.swift */,
				1E2B843E284B43570068714D /* ViewController.swift */,
				1E2B8440284B43570068714D /* Main.storyboard */,
				1E2B8443284B43590068714D /* Assets.xcassets */,
				1E2B8445284B43590068714D /* LaunchScreen.storyboard */,
				1E2B8448284B43590068714D /* Info.plist */,
			);
			path = Hackaton;
			sourceTree = "<group>";
		};
		1E2B8453284B46260068714D /* RecipiesList */ = {
			isa = PBXGroup;
			children = (
				1E2B8454284B46340068714D /* RecipiesListViewController.swift */,
				1E2B8458284B47BA0068714D /* RecipiesListStoryboard.storyboard */,
				1E2B845A284B4C6C0068714D /* ListCell.swift */,
			);
			path = RecipiesList;
			sourceTree = "<group>";
		};
		1E2B845C284B53220068714D /* StoreMap */ = {
			isa = PBXGroup;
			children = (
				1E2B8462284B5E5E0068714D /* PopoverViewController.swift */,
				1E2B8461284B5E5E0068714D /* PopoverViewController.xib */,
				1E2B845D284B53340068714D /* StoreMapViewController.swift */,
				1E2B845F284B53400068714D /* StoreMap.storyboard */,
			);
			path = StoreMap;
			sourceTree = "<group>";
		};
		1E2B8465284B65D50068714D /* Selected Recipies */ = {
			isa = PBXGroup;
			children = (
				1E2B8466284B65E60068714D /* SelectedRecipiesManager.swift */,
			);
			path = "Selected Recipies";
			sourceTree = "<group>";
		};
		D5C0EE3F284B4ABF00D936A2 /* DetailRecipeView */ = {
			isa = PBXGroup;
			children = (
				D5C0EE44284B4B0200D936A2 /* IndgredientCell */,
				D5988BA7284B632200524C17 /* Recipe.swift */,
				D5C0EE40284B4AFB00D936A2 /* DetailRecipeViewController.swift */,
				D5988BA9284B6CE700524C17 /* DetailsStoryboard.storyboard */,
			);
			path = DetailRecipeView;
			sourceTree = "<group>";
		};
		D5C0EE44284B4B0200D936A2 /* IndgredientCell */ = {
			isa = PBXGroup;
			children = (
				D5988BA5284B586400524C17 /* Ingredient.swift */,
				D5C0EE45284B4B2C00D936A2 /* IngredientTableViewCell.swift */,
				D5C0EE46284B4B2C00D936A2 /* IngredientTableViewCell.xib */,
			);
			path = IndgredientCell;
			sourceTree = "<group>";
		};
/* End PBXGroup section */

/* Begin PBXNativeTarget section */
		1E2B8436284B43570068714D /* Hackaton */ = {
			isa = PBXNativeTarget;
			buildConfigurationList = 1E2B844B284B43590068714D /* Build configuration list for PBXNativeTarget "Hackaton" */;
			buildPhases = (
				1E2B8433284B43570068714D /* Sources */,
				1E2B8434284B43570068714D /* Frameworks */,
				1E2B8435284B43570068714D /* Resources */,
			);
			buildRules = (
			);
			dependencies = (
			);
			name = Hackaton;
			productName = Hackaton;
			productReference = 1E2B8437284B43570068714D /* Hackaton.app */;
			productType = "com.apple.product-type.application";
		};
/* End PBXNativeTarget section */

/* Begin PBXProject section */
		1E2B842F284B43570068714D /* Project object */ = {
			isa = PBXProject;
			attributes = {
				BuildIndependentTargetsInParallel = 1;
				LastSwiftUpdateCheck = 1330;
				LastUpgradeCheck = 1330;
				TargetAttributes = {
					1E2B8436284B43570068714D = {
						CreatedOnToolsVersion = 13.3.1;
					};
				};
			};
			buildConfigurationList = 1E2B8432284B43570068714D /* Build configuration list for PBXProject "Hackaton" */;
			compatibilityVersion = "Xcode 13.0";
			developmentRegion = en;
			hasScannedForEncodings = 0;
			knownRegions = (
				en,
				Base,
			);
			mainGroup = 1E2B842E284B43570068714D;
			productRefGroup = 1E2B8438284B43570068714D /* Products */;
			projectDirPath = "";
			projectRoot = "";
			targets = (
				1E2B8436284B43570068714D /* Hackaton */,
			);
		};
/* End PBXProject section */

/* Begin PBXResourcesBuildPhase section */
		1E2B8435284B43570068714D /* Resources */ = {
			isa = PBXResourcesBuildPhase;
			buildActionMask = 2147483647;
			files = (
				1E2B8459284B47BA0068714D /* RecipiesListStoryboard.storyboard in Resources */,
				1E2B8447284B43590068714D /* LaunchScreen.storyboard in Resources */,
				1E2B8444284B43590068714D /* Assets.xcassets in Resources */,
				1E2B8463284B5E5E0068714D /* PopoverViewController.xib in Resources */,
				1E2B8460284B53400068714D /* StoreMap.storyboard in Resources */,
				D5988BAA284B6CE700524C17 /* DetailsStoryboard.storyboard in Resources */,
				1E2B8442284B43570068714D /* Main.storyboard in Resources */,
				D5C0EE48284B4B2C00D936A2 /* IngredientTableViewCell.xib in Resources */,
			);
			runOnlyForDeploymentPostprocessing = 0;
		};
/* End PBXResourcesBuildPhase section */

/* Begin PBXSourcesBuildPhase section */
		1E2B8433284B43570068714D /* Sources */ = {
			isa = PBXSourcesBuildPhase;
			buildActionMask = 2147483647;
			files = (
				1E2B8464284B5E5E0068714D /* PopoverViewController.swift in Sources */,
				D5C0EE42284B4AFB00D936A2 /* DetailRecipeViewController.swift in Sources */,
				1E2B845E284B53340068714D /* StoreMapViewController.swift in Sources */,
				D5988BA6284B586400524C17 /* Ingredient.swift in Sources */,
				1E2B8455284B46340068714D /* RecipiesListViewController.swift in Sources */,
				D5C0EE47284B4B2C00D936A2 /* IngredientTableViewCell.swift in Sources */,
				1E2B845B284B4C6C0068714D /* ListCell.swift in Sources */,
				1E2B843F284B43570068714D /* ViewController.swift in Sources */,
				1E2B843B284B43570068714D /* AppDelegate.swift in Sources */,
				1E2B8467284B65E60068714D /* SelectedRecipiesManager.swift in Sources */,
				1E2B843D284B43570068714D /* SceneDelegate.swift in Sources */,
				D5988BA8284B632200524C17 /* Recipe.swift in Sources */,
			);
			runOnlyForDeploymentPostprocessing = 0;
		};
/* End PBXSourcesBuildPhase section */

/* Begin PBXVariantGroup section */
		1E2B8440284B43570068714D /* Main.storyboard */ = {
			isa = PBXVariantGroup;
			children = (
				1E2B8441284B43570068714D /* Base */,
			);
			name = Main.storyboard;
			sourceTree = "<group>";
		};
		1E2B8445284B43590068714D /* LaunchScreen.storyboard */ = {
			isa = PBXVariantGroup;
			children = (
				1E2B8446284B43590068714D /* Base */,
			);
			name = LaunchScreen.storyboard;
			sourceTree = "<group>";
		};
/* End PBXVariantGroup section */

/* Begin XCBuildConfiguration section */
		1E2B8449284B43590068714D /* Debug */ = {
			isa = XCBuildConfiguration;
			buildSettings = {
				ALWAYS_SEARCH_USER_PATHS = NO;
				CLANG_ANALYZER_NONNULL = YES;
				CLANG_ANALYZER_NUMBER_OBJECT_CONVERSION = YES_AGGRESSIVE;
				CLANG_CXX_LANGUAGE_STANDARD = "gnu++17";
				CLANG_ENABLE_MODULES = YES;
				CLANG_ENABLE_OBJC_ARC = YES;
				CLANG_ENABLE_OBJC_WEAK = YES;
				CLANG_WARN_BLOCK_CAPTURE_AUTORELEASING = YES;
				CLANG_WARN_BOOL_CONVERSION = YES;
				CLANG_WARN_COMMA = YES;
				CLANG_WARN_CONSTANT_CONVERSION = YES;
				CLANG_WARN_DEPRECATED_OBJC_IMPLEMENTATIONS = YES;
				CLANG_WARN_DIRECT_OBJC_ISA_USAGE = YES_ERROR;
				CLANG_WARN_DOCUMENTATION_COMMENTS = YES;
				CLANG_WARN_EMPTY_BODY = YES;
				CLANG_WARN_ENUM_CONVERSION = YES;
				CLANG_WARN_INFINITE_RECURSION = YES;
				CLANG_WARN_INT_CONVERSION = YES;
				CLANG_WARN_NON_LITERAL_NULL_CONVERSION = YES;
				CLANG_WARN_OBJC_IMPLICIT_RETAIN_SELF = YES;
				CLANG_WARN_OBJC_LITERAL_CONVERSION = YES;
				CLANG_WARN_OBJC_ROOT_CLASS = YES_ERROR;
				CLANG_WARN_QUOTED_INCLUDE_IN_FRAMEWORK_HEADER = YES;
				CLANG_WARN_RANGE_LOOP_ANALYSIS = YES;
				CLANG_WARN_STRICT_PROTOTYPES = YES;
				CLANG_WARN_SUSPICIOUS_MOVE = YES;
				CLANG_WARN_UNGUARDED_AVAILABILITY = YES_AGGRESSIVE;
				CLANG_WARN_UNREACHABLE_CODE = YES;
				CLANG_WARN__DUPLICATE_METHOD_MATCH = YES;
				COPY_PHASE_STRIP = NO;
				DEBUG_INFORMATION_FORMAT = dwarf;
				ENABLE_STRICT_OBJC_MSGSEND = YES;
				ENABLE_TESTABILITY = YES;
				GCC_C_LANGUAGE_STANDARD = gnu11;
				GCC_DYNAMIC_NO_PIC = NO;
				GCC_NO_COMMON_BLOCKS = YES;
				GCC_OPTIMIZATION_LEVEL = 0;
				GCC_PREPROCESSOR_DEFINITIONS = (
					"DEBUG=1",
					"$(inherited)",
				);
				GCC_WARN_64_TO_32_BIT_CONVERSION = YES;
				GCC_WARN_ABOUT_RETURN_TYPE = YES_ERROR;
				GCC_WARN_UNDECLARED_SELECTOR = YES;
				GCC_WARN_UNINITIALIZED_AUTOS = YES_AGGRESSIVE;
				GCC_WARN_UNUSED_FUNCTION = YES;
				GCC_WARN_UNUSED_VARIABLE = YES;
				IPHONEOS_DEPLOYMENT_TARGET = 15.4;
				MTL_ENABLE_DEBUG_INFO = INCLUDE_SOURCE;
				MTL_FAST_MATH = YES;
				ONLY_ACTIVE_ARCH = YES;
				SDKROOT = iphoneos;
				SWIFT_ACTIVE_COMPILATION_CONDITIONS = DEBUG;
				SWIFT_OPTIMIZATION_LEVEL = "-Onone";
			};
			name = Debug;
		};
		1E2B844A284B43590068714D /* Release */ = {
			isa = XCBuildConfiguration;
			buildSettings = {
				ALWAYS_SEARCH_USER_PATHS = NO;
				CLANG_ANALYZER_NONNULL = YES;
				CLANG_ANALYZER_NUMBER_OBJECT_CONVERSION = YES_AGGRESSIVE;
				CLANG_CXX_LANGUAGE_STANDARD = "gnu++17";
				CLANG_ENABLE_MODULES = YES;
				CLANG_ENABLE_OBJC_ARC = YES;
				CLANG_ENABLE_OBJC_WEAK = YES;
				CLANG_WARN_BLOCK_CAPTURE_AUTORELEASING = YES;
				CLANG_WARN_BOOL_CONVERSION = YES;
				CLANG_WARN_COMMA = YES;
				CLANG_WARN_CONSTANT_CONVERSION = YES;
				CLANG_WARN_DEPRECATED_OBJC_IMPLEMENTATIONS = YES;
				CLANG_WARN_DIRECT_OBJC_ISA_USAGE = YES_ERROR;
				CLANG_WARN_DOCUMENTATION_COMMENTS = YES;
				CLANG_WARN_EMPTY_BODY = YES;
				CLANG_WARN_ENUM_CONVERSION = YES;
				CLANG_WARN_INFINITE_RECURSION = YES;
				CLANG_WARN_INT_CONVERSION = YES;
				CLANG_WARN_NON_LITERAL_NULL_CONVERSION = YES;
				CLANG_WARN_OBJC_IMPLICIT_RETAIN_SELF = YES;
				CLANG_WARN_OBJC_LITERAL_CONVERSION = YES;
				CLANG_WARN_OBJC_ROOT_CLASS = YES_ERROR;
				CLANG_WARN_QUOTED_INCLUDE_IN_FRAMEWORK_HEADER = YES;
				CLANG_WARN_RANGE_LOOP_ANALYSIS = YES;
				CLANG_WARN_STRICT_PROTOTYPES = YES;
				CLANG_WARN_SUSPICIOUS_MOVE = YES;
				CLANG_WARN_UNGUARDED_AVAILABILITY = YES_AGGRESSIVE;
				CLANG_WARN_UNREACHABLE_CODE = YES;
				CLANG_WARN__DUPLICATE_METHOD_MATCH = YES;
				COPY_PHASE_STRIP = NO;
				DEBUG_INFORMATION_FORMAT = "dwarf-with-dsym";
				ENABLE_NS_ASSERTIONS = NO;
				ENABLE_STRICT_OBJC_MSGSEND = YES;
				GCC_C_LANGUAGE_STANDARD = gnu11;
				GCC_NO_COMMON_BLOCKS = YES;
				GCC_WARN_64_TO_32_BIT_CONVERSION = YES;
				GCC_WARN_ABOUT_RETURN_TYPE = YES_ERROR;
				GCC_WARN_UNDECLARED_SELECTOR = YES;
				GCC_WARN_UNINITIALIZED_AUTOS = YES_AGGRESSIVE;
				GCC_WARN_UNUSED_FUNCTION = YES;
				GCC_WARN_UNUSED_VARIABLE = YES;
				IPHONEOS_DEPLOYMENT_TARGET = 15.4;
				MTL_ENABLE_DEBUG_INFO = NO;
				MTL_FAST_MATH = YES;
				SDKROOT = iphoneos;
				SWIFT_COMPILATION_MODE = wholemodule;
				SWIFT_OPTIMIZATION_LEVEL = "-O";
				VALIDATE_PRODUCT = YES;
			};
			name = Release;
		};
		1E2B844C284B43590068714D /* Debug */ = {
			isa = XCBuildConfiguration;
			buildSettings = {
				ASSETCATALOG_COMPILER_APPICON_NAME = AppIcon;
				ASSETCATALOG_COMPILER_GLOBAL_ACCENT_COLOR_NAME = AccentColor;
				CODE_SIGN_STYLE = Automatic;
				CURRENT_PROJECT_VERSION = 1;
				DEVELOPMENT_TEAM = ZYQYCQR8Q9;
				GENERATE_INFOPLIST_FILE = YES;
				INFOPLIST_FILE = Hackaton/Info.plist;
				INFOPLIST_KEY_UIApplicationSupportsIndirectInputEvents = YES;
				INFOPLIST_KEY_UILaunchStoryboardName = LaunchScreen;
				INFOPLIST_KEY_UIMainStoryboardFile = Main;
				INFOPLIST_KEY_UISupportedInterfaceOrientations = UIInterfaceOrientationPortrait;
				INFOPLIST_KEY_UISupportedInterfaceOrientations_iPad = "UIInterfaceOrientationPortrait UIInterfaceOrientationPortraitUpsideDown UIInterfaceOrientationLandscapeLeft UIInterfaceOrientationLandscapeRight";
				INFOPLIST_KEY_UISupportedInterfaceOrientations_iPhone = "UIInterfaceOrientationPortrait UIInterfaceOrientationLandscapeLeft UIInterfaceOrientationLandscapeRight";
				LD_RUNPATH_SEARCH_PATHS = (
					"$(inherited)",
					"@executable_path/Frameworks",
				);
				MARKETING_VERSION = 1.0;
				PRODUCT_BUNDLE_IDENTIFIER = com.zamanisher.Hackaton;
				PRODUCT_NAME = "$(TARGET_NAME)";
				SWIFT_EMIT_LOC_STRINGS = YES;
				SWIFT_VERSION = 5.0;
				TARGETED_DEVICE_FAMILY = "1,2";
			};
			name = Debug;
		};
		1E2B844D284B43590068714D /* Release */ = {
			isa = XCBuildConfiguration;
			buildSettings = {
				ASSETCATALOG_COMPILER_APPICON_NAME = AppIcon;
				ASSETCATALOG_COMPILER_GLOBAL_ACCENT_COLOR_NAME = AccentColor;
				CODE_SIGN_STYLE = Automatic;
				CURRENT_PROJECT_VERSION = 1;
				DEVELOPMENT_TEAM = ZYQYCQR8Q9;
				GENERATE_INFOPLIST_FILE = YES;
				INFOPLIST_FILE = Hackaton/Info.plist;
				INFOPLIST_KEY_UIApplicationSupportsIndirectInputEvents = YES;
				INFOPLIST_KEY_UILaunchStoryboardName = LaunchScreen;
				INFOPLIST_KEY_UIMainStoryboardFile = Main;
				INFOPLIST_KEY_UISupportedInterfaceOrientations = UIInterfaceOrientationPortrait;
				INFOPLIST_KEY_UISupportedInterfaceOrientations_iPad = "UIInterfaceOrientationPortrait UIInterfaceOrientationPortraitUpsideDown UIInterfaceOrientationLandscapeLeft UIInterfaceOrientationLandscapeRight";
				INFOPLIST_KEY_UISupportedInterfaceOrientations_iPhone = "UIInterfaceOrientationPortrait UIInterfaceOrientationLandscapeLeft UIInterfaceOrientationLandscapeRight";
				LD_RUNPATH_SEARCH_PATHS = (
					"$(inherited)",
					"@executable_path/Frameworks",
				);
				MARKETING_VERSION = 1.0;
				PRODUCT_BUNDLE_IDENTIFIER = com.zamanisher.Hackaton;
				PRODUCT_NAME = "$(TARGET_NAME)";
				SWIFT_EMIT_LOC_STRINGS = YES;
				SWIFT_VERSION = 5.0;
				TARGETED_DEVICE_FAMILY = "1,2";
			};
			name = Release;
		};
/* End XCBuildConfiguration section */

/* Begin XCConfigurationList section */
		1E2B8432284B43570068714D /* Build configuration list for PBXProject "Hackaton" */ = {
			isa = XCConfigurationList;
			buildConfigurations = (
				1E2B8449284B43590068714D /* Debug */,
				1E2B844A284B43590068714D /* Release */,
			);
			defaultConfigurationIsVisible = 0;
			defaultConfigurationName = Release;
		};
		1E2B844B284B43590068714D /* Build configuration list for PBXNativeTarget "Hackaton" */ = {
			isa = XCConfigurationList;
			buildConfigurations = (
				1E2B844C284B43590068714D /* Debug */,
				1E2B844D284B43590068714D /* Release */,
			);
			defaultConfigurationIsVisible = 0;
			defaultConfigurationName = Release;
		};
/* End XCConfigurationList section */
	};
	rootObject = 1E2B842F284B43570068714D /* Project object */;
}
